// !$*UTF8*$!
{
	archiveVersion = 1;
	classes = {
	};
	objectVersion = 50;
	objects = {

/* Begin PBXBuildFile section */
		A454E9BA268036F500D697E0 /* AppDelegate.m in Sources */ = {isa = PBXBuildFile; fileRef = A454E9B9268036F500D697E0 /* AppDelegate.m */; };
		A454E9BD268036F500D697E0 /* SceneDelegate.m in Sources */ = {isa = PBXBuildFile; fileRef = A454E9BC268036F500D697E0 /* SceneDelegate.m */; };
		A454E9C0268036F500D697E0 /* ViewController.m in Sources */ = {isa = PBXBuildFile; fileRef = A454E9BF268036F500D697E0 /* ViewController.m */; };
		A454E9C3268036F500D697E0 /* Main.storyboard in Resources */ = {isa = PBXBuildFile; fileRef = A454E9C1268036F500D697E0 /* Main.storyboard */; };
		A454E9C5268036F500D697E0 /* Assets.xcassets in Resources */ = {isa = PBXBuildFile; fileRef = A454E9C4268036F500D697E0 /* Assets.xcassets */; };
		A454E9C8268036F500D697E0 /* LaunchScreen.storyboard in Resources */ = {isa = PBXBuildFile; fileRef = A454E9C6268036F500D697E0 /* LaunchScreen.storyboard */; };
		A454E9CB268036F500D697E0 /* main.m in Sources */ = {isa = PBXBuildFile; fileRef = A454E9CA268036F500D697E0 /* main.m */; };
		A454E9D5268036F600D697E0 /* DBDemoTests.m in Sources */ = {isa = PBXBuildFile; fileRef = A454E9D4268036F600D697E0 /* DBDemoTests.m */; };
		A454E9E0268036F600D697E0 /* DBDemoUITests.m in Sources */ = {isa = PBXBuildFile; fileRef = A454E9DF268036F600D697E0 /* DBDemoUITests.m */; };
/* End PBXBuildFile section */

/* Begin PBXContainerItemProxy section */
		A454E9D1268036F600D697E0 /* PBXContainerItemProxy */ = {
			isa = PBXContainerItemProxy;
			containerPortal = A454E9AD268036F400D697E0 /* Project object */;
			proxyType = 1;
			remoteGlobalIDString = A454E9B4268036F500D697E0;
			remoteInfo = DBDemo;
		};
		A454E9DC268036F600D697E0 /* PBXContainerItemProxy */ = {
			isa = PBXContainerItemProxy;
			containerPortal = A454E9AD268036F400D697E0 /* Project object */;
			proxyType = 1;
			remoteGlobalIDString = A454E9B4268036F500D697E0;
			remoteInfo = DBDemo;
		};
/* End PBXContainerItemProxy section */

/* Begin PBXFileReference section */
		A454E9B5268036F500D697E0 /* DBDemo.app */ = {isa = PBXFileReference; explicitFileType = wrapper.application; includeInIndex = 0; path = DBDemo.app; sourceTree = BUILT_PRODUCTS_DIR; };
		A454E9B8268036F500D697E0 /* AppDelegate.h */ = {isa = PBXFileReference; lastKnownFileType = sourcecode.c.h; path = AppDelegate.h; sourceTree = "<group>"; };
		A454E9B9268036F500D697E0 /* AppDelegate.m */ = {isa = PBXFileReference; lastKnownFileType = sourcecode.c.objc; path = AppDelegate.m; sourceTree = "<group>"; };
		A454E9BB268036F500D697E0 /* SceneDelegate.h */ = {isa = PBXFileReference; lastKnownFileType = sourcecode.c.h; path = SceneDelegate.h; sourceTree = "<group>"; };
		A454E9BC268036F500D697E0 /* SceneDelegate.m */ = {isa = PBXFileReference; lastKnownFileType = sourcecode.c.objc; path = SceneDelegate.m; sourceTree = "<group>"; };
		A454E9BE268036F500D697E0 /* ViewController.h */ = {isa = PBXFileReference; lastKnownFileType = sourcecode.c.h; path = ViewController.h; sourceTree = "<group>"; };
		A454E9BF268036F500D697E0 /* ViewController.m */ = {isa = PBXFileReference; lastKnownFileType = sourcecode.c.objc; path = ViewController.m; sourceTree = "<group>"; };
		A454E9C2268036F500D697E0 /* Base */ = {isa = PBXFileReference; lastKnownFileType = file.storyboard; name = Base; path = Base.lproj/Main.storyboard; sourceTree = "<group>"; };
		A454E9C4268036F500D697E0 /* Assets.xcassets */ = {isa = PBXFileReference; lastKnownFileType = folder.assetcatalog; path = Assets.xcassets; sourceTree = "<group>"; };
		A454E9C7268036F500D697E0 /* Base */ = {isa = PBXFileReference; lastKnownFileType = file.storyboard; name = Base; path = Base.lproj/LaunchScreen.storyboard; sourceTree = "<group>"; };
		A454E9C9268036F500D697E0 /* Info.plist */ = {isa = PBXFileReference; lastKnownFileType = text.plist.xml; path = Info.plist; sourceTree = "<group>"; };
		A454E9CA268036F500D697E0 /* main.m */ = {isa = PBXFileReference; lastKnownFileType = sourcecode.c.objc; path = main.m; sourceTree = "<group>"; };
		A454E9D0268036F600D697E0 /* DBDemoTests.xctest */ = {isa = PBXFileReference; explicitFileType = wrapper.cfbundle; includeInIndex = 0; path = DBDemoTests.xctest; sourceTree = BUILT_PRODUCTS_DIR; };
		A454E9D4268036F600D697E0 /* DBDemoTests.m */ = {isa = PBXFileReference; lastKnownFileType = sourcecode.c.objc; path = DBDemoTests.m; sourceTree = "<group>"; };
		A454E9D6268036F600D697E0 /* Info.plist */ = {isa = PBXFileReference; lastKnownFileType = text.plist.xml; path = Info.plist; sourceTree = "<group>"; };
		A454E9DB268036F600D697E0 /* DBDemoUITests.xctest */ = {isa = PBXFileReference; explicitFileType = wrapper.cfbundle; includeInIndex = 0; path = DBDemoUITests.xctest; sourceTree = BUILT_PRODUCTS_DIR; };
		A454E9DF268036F600D697E0 /* DBDemoUITests.m */ = {isa = PBXFileReference; lastKnownFileType = sourcecode.c.objc; path = DBDemoUITests.m; sourceTree = "<group>"; };
		A454E9E1268036F600D697E0 /* Info.plist */ = {isa = PBXFileReference; lastKnownFileType = text.plist.xml; path = Info.plist; sourceTree = "<group>"; };
/* End PBXFileReference section */

/* Begin PBXFrameworksBuildPhase section */
		A454E9B2268036F500D697E0 /* Frameworks */ = {
			isa = PBXFrameworksBuildPhase;
			buildActionMask = 2147483647;
			files = (
			);
			runOnlyForDeploymentPostprocessing = 0;
		};
		A454E9CD268036F600D697E0 /* Frameworks */ = {
			isa = PBXFrameworksBuildPhase;
			buildActionMask = 2147483647;
			files = (
			);
			runOnlyForDeploymentPostprocessing = 0;
		};
		A454E9D8268036F600D697E0 /* Frameworks */ = {
			isa = PBXFrameworksBuildPhase;
			buildActionMask = 2147483647;
			files = (
			);
			runOnlyForDeploymentPostprocessing = 0;
		};
/* End PBXFrameworksBuildPhase section */

/* Begin PBXGroup section */
		A454E9AC268036F400D697E0 = {
			isa = PBXGroup;
			children = (
				A454E9B7268036F500D697E0 /* DBDemo */,
				A454E9D3268036F600D697E0 /* DBDemoTests */,
				A454E9DE268036F600D697E0 /* DBDemoUITests */,
				A454E9B6268036F500D697E0 /* Products */,
			);
			sourceTree = "<group>";
		};
		A454E9B6268036F500D697E0 /* Products */ = {
			isa = PBXGroup;
			children = (
				A454E9B5268036F500D697E0 /* DBDemo.app */,
				A454E9D0268036F600D697E0 /* DBDemoTests.xctest */,
				A454E9DB268036F600D697E0 /* DBDemoUITests.xctest */,
			);
			name = Products;
			sourceTree = "<group>";
		};
		A454E9B7268036F500D697E0 /* DBDemo */ = {
			isa = PBXGroup;
			children = (
				A454E9B8268036F500D697E0 /* AppDelegate.h */,
				A454E9B9268036F500D697E0 /* AppDelegate.m */,
				A454E9BB268036F500D697E0 /* SceneDelegate.h */,
				A454E9BC268036F500D697E0 /* SceneDelegate.m */,
				A454E9BE268036F500D697E0 /* ViewController.h */,
				A454E9BF268036F500D697E0 /* ViewController.m */,
				A454E9C1268036F500D697E0 /* Main.storyboard */,
				A454E9C4268036F500D697E0 /* Assets.xcassets */,
				A454E9C6268036F500D697E0 /* LaunchScreen.storyboard */,
				A454E9C9268036F500D697E0 /* Info.plist */,
				A454E9CA268036F500D697E0 /* main.m */,
			);
			path = DBDemo;
			sourceTree = "<group>";
		};
		A454E9D3268036F600D697E0 /* DBDemoTests */ = {
			isa = PBXGroup;
			children = (
				A454E9D4268036F600D697E0 /* DBDemoTests.m */,
				A454E9D6268036F600D697E0 /* Info.plist */,
			);
			path = DBDemoTests;
			sourceTree = "<group>";
		};
		A454E9DE268036F600D697E0 /* DBDemoUITests */ = {
			isa = PBXGroup;
			children = (
				A454E9DF268036F600D697E0 /* DBDemoUITests.m */,
				A454E9E1268036F600D697E0 /* Info.plist */,
			);
			path = DBDemoUITests;
			sourceTree = "<group>";
		};
/* End PBXGroup section */

/* Begin PBXNativeTarget section */
		A454E9B4268036F500D697E0 /* DBDemo */ = {
			isa = PBXNativeTarget;
			buildConfigurationList = A454E9E4268036F600D697E0 /* Build configuration list for PBXNativeTarget "DBDemo" */;
			buildPhases = (
				A454E9B1268036F500D697E0 /* Sources */,
				A454E9B2268036F500D697E0 /* Frameworks */,
				A454E9B3268036F500D697E0 /* Resources */,
			);
			buildRules = (
			);
			dependencies = (
			);
			name = DBDemo;
			productName = DBDemo;
			productReference = A454E9B5268036F500D697E0 /* DBDemo.app */;
			productType = "com.apple.product-type.application";
		};
		A454E9CF268036F600D697E0 /* DBDemoTests */ = {
			isa = PBXNativeTarget;
			buildConfigurationList = A454E9E7268036F600D697E0 /* Build configuration list for PBXNativeTarget "DBDemoTests" */;
			buildPhases = (
				A454E9CC268036F600D697E0 /* Sources */,
				A454E9CD268036F600D697E0 /* Frameworks */,
				A454E9CE268036F600D697E0 /* Resources */,
			);
			buildRules = (
			);
			dependencies = (
				A454E9D2268036F600D697E0 /* PBXTargetDependency */,
			);
			name = DBDemoTests;
			productName = DBDemoTests;
			productReference = A454E9D0268036F600D697E0 /* DBDemoTests.xctest */;
			productType = "com.apple.product-type.bundle.unit-test";
		};
		A454E9DA268036F600D697E0 /* DBDemoUITests */ = {
			isa = PBXNativeTarget;
			buildConfigurationList = A454E9EA268036F600D697E0 /* Build configuration list for PBXNativeTarget "DBDemoUITests" */;
			buildPhases = (
				A454E9D7268036F600D697E0 /* Sources */,
				A454E9D8268036F600D697E0 /* Frameworks */,
				A454E9D9268036F600D697E0 /* Resources */,
			);
			buildRules = (
			);
			dependencies = (
				A454E9DD268036F600D697E0 /* PBXTargetDependency */,
			);
			name = DBDemoUITests;
			productName = DBDemoUITests;
			productReference = A454E9DB268036F600D697E0 /* DBDemoUITests.xctest */;
			productType = "com.apple.product-type.bundle.ui-testing";
		};
/* End PBXNativeTarget section */

/* Begin PBXProject section */
		A454E9AD268036F400D697E0 /* Project object */ = {
			isa = PBXProject;
			attributes = {
				LastUpgradeCheck = 1240;
				TargetAttributes = {
					A454E9B4268036F500D697E0 = {
						CreatedOnToolsVersion = 12.4;
					};
					A454E9CF268036F600D697E0 = {
						CreatedOnToolsVersion = 12.4;
						TestTargetID = A454E9B4268036F500D697E0;
					};
					A454E9DA268036F600D697E0 = {
						CreatedOnToolsVersion = 12.4;
						TestTargetID = A454E9B4268036F500D697E0;
					};
				};
			};
			buildConfigurationList = A454E9B0268036F400D697E0 /* Build configuration list for PBXProject "DBDemo" */;
			compatibilityVersion = "Xcode 9.3";
			developmentRegion = en;
			hasScannedForEncodings = 0;
			knownRegions = (
				en,
				Base,
			);
			mainGroup = A454E9AC268036F400D697E0;
			productRefGroup = A454E9B6268036F500D697E0 /* Products */;
			projectDirPath = "";
			projectRoot = "";
			targets = (
				A454E9B4268036F500D697E0 /* DBDemo */,
				A454E9CF268036F600D697E0 /* DBDemoTests */,
				A454E9DA268036F600D697E0 /* DBDemoUITests */,
			);
		};
/* End PBXProject section */

/* Begin PBXResourcesBuildPhase section */
		A454E9B3268036F500D697E0 /* Resources */ = {
			isa = PBXResourcesBuildPhase;
			buildActionMask = 2147483647;
			files = (
				A454E9C8268036F500D697E0 /* LaunchScreen.storyboard in Resources */,
				A454E9C5268036F500D697E0 /* Assets.xcassets in Resources */,
				A454E9C3268036F500D697E0 /* Main.storyboard in Resources */,
			);
			runOnlyForDeploymentPostprocessing = 0;
		};
		A454E9CE268036F600D697E0 /* Resources */ = {
			isa = PBXResourcesBuildPhase;
			buildActionMask = 2147483647;
			files = (
			);
			runOnlyForDeploymentPostprocessing = 0;
		};
		A454E9D9268036F600D697E0 /* Resources */ = {
			isa = PBXResourcesBuildPhase;
			buildActionMask = 2147483647;
			files = (
			);
			runOnlyForDeploymentPostprocessing = 0;
		};
/* End PBXResourcesBuildPhase section */

/* Begin PBXSourcesBuildPhase section */
		A454E9B1268036F500D697E0 /* Sources */ = {
			isa = PBXSourcesBuildPhase;
			buildActionMask = 2147483647;
			files = (
				A454E9C0268036F500D697E0 /* ViewController.m in Sources */,
				A454E9BA268036F500D697E0 /* AppDelegate.m in Sources */,
				A454E9CB268036F500D697E0 /* main.m in Sources */,
				A454E9BD268036F500D697E0 /* SceneDelegate.m in Sources */,
			);
			runOnlyForDeploymentPostprocessing = 0;
		};
		A454E9CC268036F600D697E0 /* Sources */ = {
			isa = PBXSourcesBuildPhase;
			buildActionMask = 2147483647;
			files = (
				A454E9D5268036F600D697E0 /* DBDemoTests.m in Sources */,
			);
			runOnlyForDeploymentPostprocessing = 0;
		};
		A454E9D7268036F600D697E0 /* Sources */ = {
			isa = PBXSourcesBuildPhase;
			buildActionMask = 2147483647;
			files = (
				A454E9E0268036F600D697E0 /* DBDemoUITests.m in Sources */,
			);
			runOnlyForDeploymentPostprocessing = 0;
		};
/* End PBXSourcesBuildPhase section */

/* Begin PBXTargetDependency section */
		A454E9D2268036F600D697E0 /* PBXTargetDependency */ = {
			isa = PBXTargetDependency;
			target = A454E9B4268036F500D697E0 /* DBDemo */;
			targetProxy = A454E9D1268036F600D697E0 /* PBXContainerItemProxy */;
		};
		A454E9DD268036F600D697E0 /* PBXTargetDependency */ = {
			isa = PBXTargetDependency;
			target = A454E9B4268036F500D697E0 /* DBDemo */;
			targetProxy = A454E9DC268036F600D697E0 /* PBXContainerItemProxy */;
		};
/* End PBXTargetDependency section */

/* Begin PBXVariantGroup section */
		A454E9C1268036F500D697E0 /* Main.storyboard */ = {
			isa = PBXVariantGroup;
			children = (
				A454E9C2268036F500D697E0 /* Base */,
			);
			name = Main.storyboard;
			sourceTree = "<group>";
		};
		A454E9C6268036F500D697E0 /* LaunchScreen.storyboard */ = {
			isa = PBXVariantGroup;
			children = (
				A454E9C7268036F500D697E0 /* Base */,
			);
			name = LaunchScreen.storyboard;
			sourceTree = "<group>";
		};
/* End PBXVariantGroup section */

/* Begin XCBuildConfiguration section */
		A454E9E2268036F600D697E0 /* Debug */ = {
			isa = XCBuildConfiguration;
			buildSettings = {
				ALWAYS_SEARCH_USER_PATHS = NO;
				CLANG_ANALYZER_NONNULL = YES;
				CLANG_ANALYZER_NUMBER_OBJECT_CONVERSION = YES_AGGRESSIVE;
				CLANG_CXX_LANGUAGE_STANDARD = "gnu++14";
				CLANG_CXX_LIBRARY = "libc++";
				CLANG_ENABLE_MODULES = YES;
				CLANG_ENABLE_OBJC_ARC = YES;
				CLANG_ENABLE_OBJC_WEAK = YES;
				CLANG_WARN_BLOCK_CAPTURE_AUTORELEASING = YES;
				CLANG_WARN_BOOL_CONVERSION = YES;
				CLANG_WARN_COMMA = YES;
				CLANG_WARN_CONSTANT_CONVERSION = YES;
				CLANG_WARN_DEPRECATED_OBJC_IMPLEMENTATIONS = YES;
				CLANG_WARN_DIRECT_OBJC_ISA_USAGE = YES_ERROR;
				CLANG_WARN_DOCUMENTATION_COMMENTS = YES;
				CLANG_WARN_EMPTY_BODY = YES;
				CLANG_WARN_ENUM_CONVERSION = YES;
				CLANG_WARN_INFINITE_RECURSION = YES;
				CLANG_WARN_INT_CONVERSION = YES;
				CLANG_WARN_NON_LITERAL_NULL_CONVERSION = YES;
				CLANG_WARN_OBJC_IMPLICIT_RETAIN_SELF = YES;
				CLANG_WARN_OBJC_LITERAL_CONVERSION = YES;
				CLANG_WARN_OBJC_ROOT_CLASS = YES_ERROR;
				CLANG_WARN_QUOTED_INCLUDE_IN_FRAMEWORK_HEADER = YES;
				CLANG_WARN_RANGE_LOOP_ANALYSIS = YES;
				CLANG_WARN_STRICT_PROTOTYPES = YES;
				CLANG_WARN_SUSPICIOUS_MOVE = YES;
				CLANG_WARN_UNGUARDED_AVAILABILITY = YES_AGGRESSIVE;
				CLANG_WARN_UNREACHABLE_CODE = YES;
				CLANG_WARN__DUPLICATE_METHOD_MATCH = YES;
				COPY_PHASE_STRIP = NO;
				DEBUG_INFORMATION_FORMAT = dwarf;
				ENABLE_STRICT_OBJC_MSGSEND = YES;
				ENABLE_TESTABILITY = YES;
				GCC_C_LANGUAGE_STANDARD = gnu11;
				GCC_DYNAMIC_NO_PIC = NO;
				GCC_NO_COMMON_BLOCKS = YES;
				GCC_OPTIMIZATION_LEVEL = 0;
				GCC_PREPROCESSOR_DEFINITIONS = (
					"DEBUG=1",
					"$(inherited)",
				);
				GCC_WARN_64_TO_32_BIT_CONVERSION = YES;
				GCC_WARN_ABOUT_RETURN_TYPE = YES_ERROR;
				GCC_WARN_UNDECLARED_SELECTOR = YES;
				GCC_WARN_UNINITIALIZED_AUTOS = YES_AGGRESSIVE;
				GCC_WARN_UNUSED_FUNCTION = YES;
				GCC_WARN_UNUSED_VARIABLE = YES;
				IPHONEOS_DEPLOYMENT_TARGET = 14.4;
				MTL_ENABLE_DEBUG_INFO = INCLUDE_SOURCE;
				MTL_FAST_MATH = YES;
				ONLY_ACTIVE_ARCH = YES;
				SDKROOT = iphoneos;
			};
			name = Debug;
		};
		A454E9E3268036F600D697E0 /* Release */ = {
			isa = XCBuildConfiguration;
			buildSettings = {
				ALWAYS_SEARCH_USER_PATHS = NO;
				CLANG_ANALYZER_NONNULL = YES;
				CLANG_ANALYZER_NUMBER_OBJECT_CONVERSION = YES_AGGRESSIVE;
				CLANG_CXX_LANGUAGE_STANDARD = "gnu++14";
				CLANG_CXX_LIBRARY = "libc++";
				CLANG_ENABLE_MODULES = YES;
				CLANG_ENABLE_OBJC_ARC = YES;
				CLANG_ENABLE_OBJC_WEAK = YES;
				CLANG_WARN_BLOCK_CAPTURE_AUTORELEASING = YES;
				CLANG_WARN_BOOL_CONVERSION = YES;
				CLANG_WARN_COMMA = YES;
				CLANG_WARN_CONSTANT_CONVERSION = YES;
				CLANG_WARN_DEPRECATED_OBJC_IMPLEMENTATIONS = YES;
				CLANG_WARN_DIRECT_OBJC_ISA_USAGE = YES_ERROR;
				CLANG_WARN_DOCUMENTATION_COMMENTS = YES;
				CLANG_WARN_EMPTY_BODY = YES;
				CLANG_WARN_ENUM_CONVERSION = YES;
				CLANG_WARN_INFINITE_RECURSION = YES;
				CLANG_WARN_INT_CONVERSION = YES;
				CLANG_WARN_NON_LITERAL_NULL_CONVERSION = YES;
				CLANG_WARN_OBJC_IMPLICIT_RETAIN_SELF = YES;
				CLANG_WARN_OBJC_LITERAL_CONVERSION = YES;
				CLANG_WARN_OBJC_ROOT_CLASS = YES_ERROR;
				CLANG_WARN_QUOTED_INCLUDE_IN_FRAMEWORK_HEADER = YES;
				CLANG_WARN_RANGE_LOOP_ANALYSIS = YES;
				CLANG_WARN_STRICT_PROTOTYPES = YES;
				CLANG_WARN_SUSPICIOUS_MOVE = YES;
				CLANG_WARN_UNGUARDED_AVAILABILITY = YES_AGGRESSIVE;
				CLANG_WARN_UNREACHABLE_CODE = YES;
				CLANG_WARN__DUPLICATE_METHOD_MATCH = YES;
				COPY_PHASE_STRIP = NO;
				DEBUG_INFORMATION_FORMAT = "dwarf-with-dsym";
				ENABLE_NS_ASSERTIONS = NO;
				ENABLE_STRICT_OBJC_MSGSEND = YES;
				GCC_C_LANGUAGE_STANDARD = gnu11;
				GCC_NO_COMMON_BLOCKS = YES;
				GCC_WARN_64_TO_32_BIT_CONVERSION = YES;
				GCC_WARN_ABOUT_RETURN_TYPE = YES_ERROR;
				GCC_WARN_UNDECLARED_SELECTOR = YES;
				GCC_WARN_UNINITIALIZED_AUTOS = YES_AGGRESSIVE;
				GCC_WARN_UNUSED_FUNCTION = YES;
				GCC_WARN_UNUSED_VARIABLE = YES;
				IPHONEOS_DEPLOYMENT_TARGET = 14.4;
				MTL_ENABLE_DEBUG_INFO = NO;
				MTL_FAST_MATH = YES;
				SDKROOT = iphoneos;
				VALIDATE_PRODUCT = YES;
			};
			name = Release;
		};
		A454E9E5268036F600D697E0 /* Debug */ = {
			isa = XCBuildConfiguration;
			buildSettings = {
				ASSETCATALOG_COMPILER_APPICON_NAME = AppIcon;
				ASSETCATALOG_COMPILER_GLOBAL_ACCENT_COLOR_NAME = AccentColor;
				CODE_SIGN_STYLE = Automatic;
				DEVELOPMENT_TEAM = UMPJZMALE7;
				INFOPLIST_FILE = DBDemo/Info.plist;
				LD_RUNPATH_SEARCH_PATHS = (
					"$(inherited)",
					"@executable_path/Frameworks",
				);
				PRODUCT_BUNDLE_IDENTIFIER = zl.com.DBDemo;
				PRODUCT_NAME = "$(TARGET_NAME)";
				TARGETED_DEVICE_FAMILY = "1,2";
			};
			name = Debug;
		};
		A454E9E6268036F600D697E0 /* Release */ = {
			isa = XCBuildConfiguration;
			buildSettings = {
				ASSETCATALOG_COMPILER_APPICON_NAME = AppIcon;
				ASSETCATALOG_COMPILER_GLOBAL_ACCENT_COLOR_NAME = AccentColor;
				CODE_SIGN_STYLE = Automatic;
				DEVELOPMENT_TEAM = UMPJZMALE7;
				INFOPLIST_FILE = DBDemo/Info.plist;
				LD_RUNPATH_SEARCH_PATHS = (
					"$(inherited)",
					"@executable_path/Frameworks",
				);
				PRODUCT_BUNDLE_IDENTIFIER = zl.com.DBDemo;
				PRODUCT_NAME = "$(TARGET_NAME)";
				TARGETED_DEVICE_FAMILY = "1,2";
			};
			name = Release;
		};
		A454E9E8268036F600D697E0 /* Debug */ = {
			isa = XCBuildConfiguration;
			buildSettings = {
				BUNDLE_LOADER = "$(TEST_HOST)";
				CODE_SIGN_STYLE = Automatic;
				DEVELOPMENT_TEAM = UMPJZMALE7;
				INFOPLIST_FILE = DBDemoTests/Info.plist;
				IPHONEOS_DEPLOYMENT_TARGET = 14.4;
				LD_RUNPATH_SEARCH_PATHS = (
					"$(inherited)",
					"@executable_path/Frameworks",
					"@loader_path/Frameworks",
				);
				PRODUCT_BUNDLE_IDENTIFIER = zl.com.DBDemoTests;
				PRODUCT_NAME = "$(TARGET_NAME)";
				TARGETED_DEVICE_FAMILY = "1,2";
				TEST_HOST = "$(BUILT_PRODUCTS_DIR)/DBDemo.app/DBDemo";
			};
			name = Debug;
		};
		A454E9E9268036F600D697E0 /* Release */ = {
			isa = XCBuildConfiguration;
			buildSettings = {
				BUNDLE_LOADER = "$(TEST_HOST)";
				CODE_SIGN_STYLE = Automatic;
				DEVELOPMENT_TEAM = UMPJZMALE7;
				INFOPLIST_FILE = DBDemoTests/Info.plist;
				IPHONEOS_DEPLOYMENT_TARGET = 14.4;
				LD_RUNPATH_SEARCH_PATHS = (
					"$(inherited)",
					"@executable_path/Frameworks",
					"@loader_path/Frameworks",
				);
				PRODUCT_BUNDLE_IDENTIFIER = zl.com.DBDemoTests;
				PRODUCT_NAME = "$(TARGET_NAME)";
				TARGETED_DEVICE_FAMILY = "1,2";
				TEST_HOST = "$(BUILT_PRODUCTS_DIR)/DBDemo.app/DBDemo";
			};
			name = Release;
		};
		A454E9EB268036F600D697E0 /* Debug */ = {
			isa = XCBuildConfiguration;
			buildSettings = {
				CODE_SIGN_STYLE = Automatic;
				DEVELOPMENT_TEAM = UMPJZMALE7;
				INFOPLIST_FILE = DBDemoUITests/Info.plist;
				LD_RUNPATH_SEARCH_PATHS = (
					"$(inherited)",
					"@executable_path/Frameworks",
					"@loader_path/Frameworks",
				);
				PRODUCT_BUNDLE_IDENTIFIER = zl.com.DBDemoUITests;
				PRODUCT_NAME = "$(TARGET_NAME)";
				TARGETED_DEVICE_FAMILY = "1,2";
				TEST_TARGET_NAME = DBDemo;
			};
			name = Debug;
		};
		A454E9EC268036F600D697E0 /* Release */ = {
			isa = XCBuildConfiguration;
			buildSettings = {
				CODE_SIGN_STYLE = Automatic;
				DEVELOPMENT_TEAM = UMPJZMALE7;
				INFOPLIST_FILE = DBDemoUITests/Info.plist;
				LD_RUNPATH_SEARCH_PATHS = (
					"$(inherited)",
					"@executable_path/Frameworks",
					"@loader_path/Frameworks",
				);
				PRODUCT_BUNDLE_IDENTIFIER = zl.com.DBDemoUITests;
				PRODUCT_NAME = "$(TARGET_NAME)";
				TARGETED_DEVICE_FAMILY = "1,2";
				TEST_TARGET_NAME = DBDemo;
			};
			name = Release;
		};
/* End XCBuildConfiguration section */

/* Begin XCConfigurationList section */
		A454E9B0268036F400D697E0 /* Build configuration list for PBXProject "DBDemo" */ = {
			isa = XCConfigurationList;
			buildConfigurations = (
				A454E9E2268036F600D697E0 /* Debug */,
				A454E9E3268036F600D697E0 /* Release */,
			);
			defaultConfigurationIsVisible = 0;
			defaultConfigurationName = Release;
		};
		A454E9E4268036F600D697E0 /* Build configuration list for PBXNativeTarget "DBDemo" */ = {
			isa = XCConfigurationList;
			buildConfigurations = (
				A454E9E5268036F600D697E0 /* Debug */,
				A454E9E6268036F600D697E0 /* Release */,
			);
			defaultConfigurationIsVisible = 0;
			defaultConfigurationName = Release;
		};
		A454E9E7268036F600D697E0 /* Build configuration list for PBXNativeTarget "DBDemoTests" */ = {
			isa = XCConfigurationList;
			buildConfigurations = (
				A454E9E8268036F600D697E0 /* Debug */,
				A454E9E9268036F600D697E0 /* Release */,
			);
			defaultConfigurationIsVisible = 0;
			defaultConfigurationName = Release;
		};
		A454E9EA268036F600D697E0 /* Build configuration list for PBXNativeTarget "DBDemoUITests" */ = {
			isa = XCConfigurationList;
			buildConfigurations = (
				A454E9EB268036F600D697E0 /* Debug */,
				A454E9EC268036F600D697E0 /* Release */,
			);
			defaultConfigurationIsVisible = 0;
			defaultConfigurationName = Release;
		};
/* End XCConfigurationList section */
	};
	rootObject = A454E9AD268036F400D697E0 /* Project object */;
}
